// !$*UTF8*$!
{
	archiveVersion = 1;
	classes = {
	};
	objectVersion = 50;
	objects = {

/* Begin PBXBuildFile section */
		565A57BC228BD27E00EB8E97 /* AppDelegate.swift in Sources */ = {isa = PBXBuildFile; fileRef = 565A57BB228BD27E00EB8E97 /* AppDelegate.swift */; };
		565A57BE228BD27E00EB8E97 /* BattleViewController.swift in Sources */ = {isa = PBXBuildFile; fileRef = 565A57BD228BD27E00EB8E97 /* BattleViewController.swift */; };
		565A57C1228BD27E00EB8E97 /* Main.storyboard in Resources */ = {isa = PBXBuildFile; fileRef = 565A57BF228BD27E00EB8E97 /* Main.storyboard */; };
		565A57C6228BD28000EB8E97 /* Assets.xcassets in Resources */ = {isa = PBXBuildFile; fileRef = 565A57C5228BD28000EB8E97 /* Assets.xcassets */; };
		565A57C9228BD28000EB8E97 /* LaunchScreen.storyboard in Resources */ = {isa = PBXBuildFile; fileRef = 565A57C7228BD28000EB8E97 /* LaunchScreen.storyboard */; };
		565A57D3228BDC9600EB8E97 /* Character.swift in Sources */ = {isa = PBXBuildFile; fileRef = 565A57D2228BDC9600EB8E97 /* Character.swift */; };
		565A57D7228BDE0C00EB8E97 /* CharacterController.swift in Sources */ = {isa = PBXBuildFile; fileRef = 565A57D6228BDE0C00EB8E97 /* CharacterController.swift */; };
/* End PBXBuildFile section */

/* Begin PBXFileReference section */
		565A57B8228BD27E00EB8E97 /* GameOfThrones.app */ = {isa = PBXFileReference; explicitFileType = wrapper.application; includeInIndex = 0; path = GameOfThrones.app; sourceTree = BUILT_PRODUCTS_DIR; };
		565A57BB228BD27E00EB8E97 /* AppDelegate.swift */ = {isa = PBXFileReference; lastKnownFileType = sourcecode.swift; path = AppDelegate.swift; sourceTree = "<group>"; };
		565A57BD228BD27E00EB8E97 /* BattleViewController.swift */ = {isa = PBXFileReference; lastKnownFileType = sourcecode.swift; path = BattleViewController.swift; sourceTree = "<group>"; };
		565A57C0228BD27E00EB8E97 /* Base */ = {isa = PBXFileReference; lastKnownFileType = file.storyboard; name = Base; path = Base.lproj/Main.storyboard; sourceTree = "<group>"; };
		565A57C5228BD28000EB8E97 /* Assets.xcassets */ = {isa = PBXFileReference; lastKnownFileType = folder.assetcatalog; path = Assets.xcassets; sourceTree = "<group>"; };
		565A57C8228BD28000EB8E97 /* Base */ = {isa = PBXFileReference; lastKnownFileType = file.storyboard; name = Base; path = Base.lproj/LaunchScreen.storyboard; sourceTree = "<group>"; };
		565A57CA228BD28000EB8E97 /* Info.plist */ = {isa = PBXFileReference; lastKnownFileType = text.plist.xml; path = Info.plist; sourceTree = "<group>"; };
		565A57D2228BDC9600EB8E97 /* Character.swift */ = {isa = PBXFileReference; lastKnownFileType = sourcecode.swift; path = Character.swift; sourceTree = "<group>"; };
		565A57D6228BDE0C00EB8E97 /* CharacterController.swift */ = {isa = PBXFileReference; lastKnownFileType = sourcecode.swift; path = CharacterController.swift; sourceTree = "<group>"; };
/* End PBXFileReference section */

/* Begin PBXFrameworksBuildPhase section */
		565A57B5228BD27E00EB8E97 /* Frameworks */ = {
			isa = PBXFrameworksBuildPhase;
			buildActionMask = 2147483647;
			files = (
			);
			runOnlyForDeploymentPostprocessing = 0;
		};
/* End PBXFrameworksBuildPhase section */

/* Begin PBXGroup section */
		565A57AF228BD27D00EB8E97 = {
			isa = PBXGroup;
			children = (
				565A57BA228BD27E00EB8E97 /* GameOfThrones */,
				565A57B9228BD27E00EB8E97 /* Products */,
			);
			sourceTree = "<group>";
		};
		565A57B9228BD27E00EB8E97 /* Products */ = {
			isa = PBXGroup;
			children = (
				565A57B8228BD27E00EB8E97 /* GameOfThrones.app */,
			);
			name = Products;
			sourceTree = "<group>";
		};
		565A57BA228BD27E00EB8E97 /* GameOfThrones */ = {
			isa = PBXGroup;
			children = (
				565A57D0228BD29400EB8E97 /* Resources */,
				565A57D4228BDCA700EB8E97 /* Storyboard */,
				565A57D5228BDCB200EB8E97 /* View Controller */,
				565A57D1228BDC7800EB8E97 /* Model */,
				565A57D8228BDE1200EB8E97 /* Model Controller */,
			);
			path = GameOfThrones;
			sourceTree = "<group>";
		};
		565A57D0228BD29400EB8E97 /* Resources */ = {
			isa = PBXGroup;
			children = (
				565A57BB228BD27E00EB8E97 /* AppDelegate.swift */,
				565A57C5228BD28000EB8E97 /* Assets.xcassets */,
				565A57C7228BD28000EB8E97 /* LaunchScreen.storyboard */,
				565A57CA228BD28000EB8E97 /* Info.plist */,
			);
			path = Resources;
			sourceTree = "<group>";
		};
		565A57D1228BDC7800EB8E97 /* Model */ = {
			isa = PBXGroup;
			children = (
				565A57D2228BDC9600EB8E97 /* Character.swift */,
			);
			path = Model;
			sourceTree = "<group>";
		};
		565A57D4228BDCA700EB8E97 /* Storyboard */ = {
			isa = PBXGroup;
			children = (
				565A57BF228BD27E00EB8E97 /* Main.storyboard */,
			);
			path = Storyboard;
			sourceTree = "<group>";
		};
		565A57D5228BDCB200EB8E97 /* View Controller */ = {
			isa = PBXGroup;
			children = (
				565A57BD228BD27E00EB8E97 /* BattleViewController.swift */,
			);
			path = "View Controller";
			sourceTree = "<group>";
		};
		565A57D8228BDE1200EB8E97 /* Model Controller */ = {
			isa = PBXGroup;
			children = (
				565A57D6228BDE0C00EB8E97 /* CharacterController.swift */,
			);
			path = "Model Controller";
			sourceTree = "<group>";
		};
/* End PBXGroup section */

/* Begin PBXNativeTarget section */
		565A57B7228BD27E00EB8E97 /* GameOfThrones */ = {
			isa = PBXNativeTarget;
			buildConfigurationList = 565A57CD228BD28000EB8E97 /* Build configuration list for PBXNativeTarget "GameOfThrones" */;
			buildPhases = (
				565A57B4228BD27E00EB8E97 /* Sources */,
				565A57B5228BD27E00EB8E97 /* Frameworks */,
				565A57B6228BD27E00EB8E97 /* Resources */,
			);
			buildRules = (
			);
			dependencies = (
			);
			name = GameOfThrones;
			productName = GameOfThrones;
			productReference = 565A57B8228BD27E00EB8E97 /* GameOfThrones.app */;
			productType = "com.apple.product-type.application";
		};
/* End PBXNativeTarget section */

/* Begin PBXProject section */
		565A57B0228BD27D00EB8E97 /* Project object */ = {
			isa = PBXProject;
			attributes = {
				LastSwiftUpdateCheck = 1020;
				LastUpgradeCheck = 1020;
				ORGANIZATIONNAME = "Brian Daniel";
				TargetAttributes = {
					565A57B7228BD27E00EB8E97 = {
						CreatedOnToolsVersion = 10.2.1;
					};
				};
			};
			buildConfigurationList = 565A57B3228BD27D00EB8E97 /* Build configuration list for PBXProject "GameOfThrones" */;
			compatibilityVersion = "Xcode 9.3";
			developmentRegion = en;
			hasScannedForEncodings = 0;
			knownRegions = (
				en,
				Base,
			);
			mainGroup = 565A57AF228BD27D00EB8E97;
			productRefGroup = 565A57B9228BD27E00EB8E97 /* Products */;
			projectDirPath = "";
			projectRoot = "";
			targets = (
				565A57B7228BD27E00EB8E97 /* GameOfThrones */,
			);
		};
/* End PBXProject section */

/* Begin PBXResourcesBuildPhase section */
		565A57B6228BD27E00EB8E97 /* Resources */ = {
			isa = PBXResourcesBuildPhase;
			buildActionMask = 2147483647;
			files = (
				565A57C9228BD28000EB8E97 /* LaunchScreen.storyboard in Resources */,
				565A57C6228BD28000EB8E97 /* Assets.xcassets in Resources */,
				565A57C1228BD27E00EB8E97 /* Main.storyboard in Resources */,
			);
			runOnlyForDeploymentPostprocessing = 0;
		};
/* End PBXResourcesBuildPhase section */

/* Begin PBXSourcesBuildPhase section */
		565A57B4228BD27E00EB8E97 /* Sources */ = {
			isa = PBXSourcesBuildPhase;
			buildActionMask = 2147483647;
			files = (
				565A57BE228BD27E00EB8E97 /* BattleViewController.swift in Sources */,
				565A57BC228BD27E00EB8E97 /* AppDelegate.swift in Sources */,
				565A57D7228BDE0C00EB8E97 /* CharacterController.swift in Sources */,
				565A57D3228BDC9600EB8E97 /* Character.swift in Sources */,
			);
			runOnlyForDeploymentPostprocessing = 0;
		};
/* End PBXSourcesBuildPhase section */

/* Begin PBXVariantGroup section */
		565A57BF228BD27E00EB8E97 /* Main.storyboard */ = {
			isa = PBXVariantGroup;
			children = (
				565A57C0228BD27E00EB8E97 /* Base */,
			);
			name = Main.storyboard;
			sourceTree = "<group>";
		};
		565A57C7228BD28000EB8E97 /* LaunchScreen.storyboard */ = {
			isa = PBXVariantGroup;
			children = (
				565A57C8228BD28000EB8E97 /* Base */,
			);
			name = LaunchScreen.storyboard;
			sourceTree = "<group>";
		};
/* End PBXVariantGroup section */

/* Begin XCBuildConfiguration section */
		565A57CB228BD28000EB8E97 /* Debug */ = {
			isa = XCBuildConfiguration;
			buildSettings = {
				ALWAYS_SEARCH_USER_PATHS = NO;
				CLANG_ANALYZER_NONNULL = YES;
				CLANG_ANALYZER_NUMBER_OBJECT_CONVERSION = YES_AGGRESSIVE;
				CLANG_CXX_LANGUAGE_STANDARD = "gnu++14";
				CLANG_CXX_LIBRARY = "libc++";
				CLANG_ENABLE_MODULES = YES;
				CLANG_ENABLE_OBJC_ARC = YES;
				CLANG_ENABLE_OBJC_WEAK = YES;
				CLANG_WARN_BLOCK_CAPTURE_AUTORELEASING = YES;
				CLANG_WARN_BOOL_CONVERSION = YES;
				CLANG_WARN_COMMA = YES;
				CLANG_WARN_CONSTANT_CONVERSION = YES;
				CLANG_WARN_DEPRECATED_OBJC_IMPLEMENTATIONS = YES;
				CLANG_WARN_DIRECT_OBJC_ISA_USAGE = YES_ERROR;
				CLANG_WARN_DOCUMENTATION_COMMENTS = YES;
				CLANG_WARN_EMPTY_BODY = YES;
				CLANG_WARN_ENUM_CONVERSION = YES;
				CLANG_WARN_INFINITE_RECURSION = YES;
				CLANG_WARN_INT_CONVERSION = YES;
				CLANG_WARN_NON_LITERAL_NULL_CONVERSION = YES;
				CLANG_WARN_OBJC_IMPLICIT_RETAIN_SELF = YES;
				CLANG_WARN_OBJC_LITERAL_CONVERSION = YES;
				CLANG_WARN_OBJC_ROOT_CLASS = YES_ERROR;
				CLANG_WARN_RANGE_LOOP_ANALYSIS = YES;
				CLANG_WARN_STRICT_PROTOTYPES = YES;
				CLANG_WARN_SUSPICIOUS_MOVE = YES;
				CLANG_WARN_UNGUARDED_AVAILABILITY = YES_AGGRESSIVE;
				CLANG_WARN_UNREACHABLE_CODE = YES;
				CLANG_WARN__DUPLICATE_METHOD_MATCH = YES;
				CODE_SIGN_IDENTITY = "iPhone Developer";
				COPY_PHASE_STRIP = NO;
				DEBUG_INFORMATION_FORMAT = dwarf;
				ENABLE_STRICT_OBJC_MSGSEND = YES;
				ENABLE_TESTABILITY = YES;
				GCC_C_LANGUAGE_STANDARD = gnu11;
				GCC_DYNAMIC_NO_PIC = NO;
				GCC_NO_COMMON_BLOCKS = YES;
				GCC_OPTIMIZATION_LEVEL = 0;
				GCC_PREPROCESSOR_DEFINITIONS = (
					"DEBUG=1",
					"$(inherited)",
				);
				GCC_WARN_64_TO_32_BIT_CONVERSION = YES;
				GCC_WARN_ABOUT_RETURN_TYPE = YES_ERROR;
				GCC_WARN_UNDECLARED_SELECTOR = YES;
				GCC_WARN_UNINITIALIZED_AUTOS = YES_AGGRESSIVE;
				GCC_WARN_UNUSED_FUNCTION = YES;
				GCC_WARN_UNUSED_VARIABLE = YES;
				IPHONEOS_DEPLOYMENT_TARGET = 12.2;
				MTL_ENABLE_DEBUG_INFO = INCLUDE_SOURCE;
				MTL_FAST_MATH = YES;
				ONLY_ACTIVE_ARCH = YES;
				SDKROOT = iphoneos;
				SWIFT_ACTIVE_COMPILATION_CONDITIONS = DEBUG;
				SWIFT_OPTIMIZATION_LEVEL = "-Onone";
			};
			name = Debug;
		};
		565A57CC228BD28000EB8E97 /* Release */ = {
			isa = XCBuildConfiguration;
			buildSettings = {
				ALWAYS_SEARCH_USER_PATHS = NO;
				CLANG_ANALYZER_NONNULL = YES;
				CLANG_ANALYZER_NUMBER_OBJECT_CONVERSION = YES_AGGRESSIVE;
				CLANG_CXX_LANGUAGE_STANDARD = "gnu++14";
				CLANG_CXX_LIBRARY = "libc++";
				CLANG_ENABLE_MODULES = YES;
				CLANG_ENABLE_OBJC_ARC = YES;
				CLANG_ENABLE_OBJC_WEAK = YES;
				CLANG_WARN_BLOCK_CAPTURE_AUTORELEASING = YES;
				CLANG_WARN_BOOL_CONVERSION = YES;
				CLANG_WARN_COMMA = YES;
				CLANG_WARN_CONSTANT_CONVERSION = YES;
				CLANG_WARN_DEPRECATED_OBJC_IMPLEMENTATIONS = YES;
				CLANG_WARN_DIRECT_OBJC_ISA_USAGE = YES_ERROR;
				CLANG_WARN_DOCUMENTATION_COMMENTS = YES;
				CLANG_WARN_EMPTY_BODY = YES;
				CLANG_WARN_ENUM_CONVERSION = YES;
				CLANG_WARN_INFINITE_RECURSION = YES;
				CLANG_WARN_INT_CONVERSION = YES;
				CLANG_WARN_NON_LITERAL_NULL_CONVERSION = YES;
				CLANG_WARN_OBJC_IMPLICIT_RETAIN_SELF = YES;
				CLANG_WARN_OBJC_LITERAL_CONVERSION = YES;
				CLANG_WARN_OBJC_ROOT_CLASS = YES_ERROR;
				CLANG_WARN_RANGE_LOOP_ANALYSIS = YES;
				CLANG_WARN_STRICT_PROTOTYPES = YES;
				CLANG_WARN_SUSPICIOUS_MOVE = YES;
				CLANG_WARN_UNGUARDED_AVAILABILITY = YES_AGGRESSIVE;
				CLANG_WARN_UNREACHABLE_CODE = YES;
				CLANG_WARN__DUPLICATE_METHOD_MATCH = YES;
				CODE_SIGN_IDENTITY = "iPhone Developer";
				COPY_PHASE_STRIP = NO;
				DEBUG_INFORMATION_FORMAT = "dwarf-with-dsym";
				ENABLE_NS_ASSERTIONS = NO;
				ENABLE_STRICT_OBJC_MSGSEND = YES;
				GCC_C_LANGUAGE_STANDARD = gnu11;
				GCC_NO_COMMON_BLOCKS = YES;
				GCC_WARN_64_TO_32_BIT_CONVERSION = YES;
				GCC_WARN_ABOUT_RETURN_TYPE = YES_ERROR;
				GCC_WARN_UNDECLARED_SELECTOR = YES;
				GCC_WARN_UNINITIALIZED_AUTOS = YES_AGGRESSIVE;
				GCC_WARN_UNUSED_FUNCTION = YES;
				GCC_WARN_UNUSED_VARIABLE = YES;
				IPHONEOS_DEPLOYMENT_TARGET = 12.2;
				MTL_ENABLE_DEBUG_INFO = NO;
				MTL_FAST_MATH = YES;
				SDKROOT = iphoneos;
				SWIFT_COMPILATION_MODE = wholemodule;
				SWIFT_OPTIMIZATION_LEVEL = "-O";
				VALIDATE_PRODUCT = YES;
			};
			name = Release;
		};
		565A57CE228BD28000EB8E97 /* Debug */ = {
			isa = XCBuildConfiguration;
			buildSettings = {
				ASSETCATALOG_COMPILER_APPICON_NAME = AppIcon;
				CODE_SIGN_STYLE = Automatic;
				INFOPLIST_FILE = "$(SRCROOT)/GameOfThrones/Resources/Info.plist";
				LD_RUNPATH_SEARCH_PATHS = (
					"$(inherited)",
					"@executable_path/Frameworks",
				);
				PRODUCT_BUNDLE_IDENTIFIER = com.briandaniel.GameOfThrones;
				PRODUCT_NAME = "$(TARGET_NAME)";
				SWIFT_VERSION = 5.0;
				TARGETED_DEVICE_FAMILY = "1,2";
			};
			name = Debug;
		};
		565A57CF228BD28000EB8E97 /* Release */ = {
			isa = XCBuildConfiguration;
			buildSettings = {
				ASSETCATALOG_COMPILER_APPICON_NAME = AppIcon;
				CODE_SIGN_STYLE = Automatic;
				INFOPLIST_FILE = "$(SRCROOT)/GameOfThrones/Resources/Info.plist";
				LD_RUNPATH_SEARCH_PATHS = (
					"$(inherited)",
					"@executable_path/Frameworks",
				);
				PRODUCT_BUNDLE_IDENTIFIER = com.briandaniel.GameOfThrones;
				PRODUCT_NAME = "$(TARGET_NAME)";
				SWIFT_VERSION = 5.0;
				TARGETED_DEVICE_FAMILY = "1,2";
			};
			name = Release;
		};
/* End XCBuildConfiguration section */

/* Begin XCConfigurationList section */
		565A57B3228BD27D00EB8E97 /* Build configuration list for PBXProject "GameOfThrones" */ = {
			isa = XCConfigurationList;
			buildConfigurations = (
				565A57CB228BD28000EB8E97 /* Debug */,
				565A57CC228BD28000EB8E97 /* Release */,
			);
			defaultConfigurationIsVisible = 0;
			defaultConfigurationName = Release;
		};
		565A57CD228BD28000EB8E97 /* Build configuration list for PBXNativeTarget "GameOfThrones" */ = {
			isa = XCConfigurationList;
			buildConfigurations = (
				565A57CE228BD28000EB8E97 /* Debug */,
				565A57CF228BD28000EB8E97 /* Release */,
			);
			defaultConfigurationIsVisible = 0;
			defaultConfigurationName = Release;
		};
/* End XCConfigurationList section */
	};
	rootObject = 565A57B0228BD27D00EB8E97 /* Project object */;
}
